// !$*UTF8*$!
{
	archiveVersion = 1;
	classes = {
	};
	objectVersion = 77;
	objects = {

/* Begin PBXContainerItemProxy section */
		142BBD9B2DC9151100BF7DA6 /* PBXContainerItemProxy */ = {
			isa = PBXContainerItemProxy;
			containerPortal = 142BBD7C2DC9151000BF7DA6 /* Project object */;
			proxyType = 1;
			remoteGlobalIDString = 142BBD832DC9151000BF7DA6;
			remoteInfo = StackLayout;
		};
		142BBDA52DC9151100BF7DA6 /* PBXContainerItemProxy */ = {
			isa = PBXContainerItemProxy;
			containerPortal = 142BBD7C2DC9151000BF7DA6 /* Project object */;
			proxyType = 1;
			remoteGlobalIDString = 142BBD832DC9151000BF7DA6;
			remoteInfo = StackLayout;
		};
/* End PBXContainerItemProxy section */

/* Begin PBXFileReference section */
		142BBD842DC9151000BF7DA6 /* StackLayout.app */ = {isa = PBXFileReference; explicitFileType = wrapper.application; includeInIndex = 0; path = StackLayout.app; sourceTree = BUILT_PRODUCTS_DIR; };
		142BBD9A2DC9151100BF7DA6 /* StackLayoutTests.xctest */ = {isa = PBXFileReference; explicitFileType = wrapper.cfbundle; includeInIndex = 0; path = StackLayoutTests.xctest; sourceTree = BUILT_PRODUCTS_DIR; };
		142BBDA42DC9151100BF7DA6 /* StackLayoutUITests.xctest */ = {isa = PBXFileReference; explicitFileType = wrapper.cfbundle; includeInIndex = 0; path = StackLayoutUITests.xctest; sourceTree = BUILT_PRODUCTS_DIR; };
/* End PBXFileReference section */

/* Begin PBXFileSystemSynchronizedBuildFileExceptionSet section */
		142BBDAC2DC9151100BF7DA6 /* Exceptions for "StackLayout" folder in "StackLayout" target */ = {
			isa = PBXFileSystemSynchronizedBuildFileExceptionSet;
			membershipExceptions = (
				Info.plist,
			);
			target = 142BBD832DC9151000BF7DA6 /* StackLayout */;
		};
/* End PBXFileSystemSynchronizedBuildFileExceptionSet section */

/* Begin PBXFileSystemSynchronizedRootGroup section */
		142BBD862DC9151000BF7DA6 /* StackLayout */ = {
			isa = PBXFileSystemSynchronizedRootGroup;
			exceptions = (
				142BBDAC2DC9151100BF7DA6 /* Exceptions for "StackLayout" folder in "StackLayout" target */,
			);
			path = StackLayout;
			sourceTree = "<group>";
		};
		142BBD9D2DC9151100BF7DA6 /* StackLayoutTests */ = {
			isa = PBXFileSystemSynchronizedRootGroup;
			path = StackLayoutTests;
			sourceTree = "<group>";
		};
		142BBDA72DC9151100BF7DA6 /* StackLayoutUITests */ = {
			isa = PBXFileSystemSynchronizedRootGroup;
			path = StackLayoutUITests;
			sourceTree = "<group>";
		};
/* End PBXFileSystemSynchronizedRootGroup section */

/* Begin PBXFrameworksBuildPhase section */
		142BBD812DC9151000BF7DA6 /* Frameworks */ = {
			isa = PBXFrameworksBuildPhase;
			buildActionMask = 2147483647;
			files = (
			);
			runOnlyForDeploymentPostprocessing = 0;
		};
		142BBD972DC9151100BF7DA6 /* Frameworks */ = {
			isa = PBXFrameworksBuildPhase;
			buildActionMask = 2147483647;
			files = (
			);
			runOnlyForDeploymentPostprocessing = 0;
		};
		142BBDA12DC9151100BF7DA6 /* Frameworks */ = {
			isa = PBXFrameworksBuildPhase;
			buildActionMask = 2147483647;
			files = (
			);
			runOnlyForDeploymentPostprocessing = 0;
		};
/* End PBXFrameworksBuildPhase section */

/* Begin PBXGroup section */
		142BBD7B2DC9151000BF7DA6 = {
			isa = PBXGroup;
			children = (
				142BBD862DC9151000BF7DA6 /* StackLayout */,
				142BBD9D2DC9151100BF7DA6 /* StackLayoutTests */,
				142BBDA72DC9151100BF7DA6 /* StackLayoutUITests */,
				142BBD852DC9151000BF7DA6 /* Products */,
			);
			sourceTree = "<group>";
		};
		142BBD852DC9151000BF7DA6 /* Products */ = {
			isa = PBXGroup;
			children = (
				142BBD842DC9151000BF7DA6 /* StackLayout.app */,
				142BBD9A2DC9151100BF7DA6 /* StackLayoutTests.xctest */,
				142BBDA42DC9151100BF7DA6 /* StackLayoutUITests.xctest */,
			);
			name = Products;
			sourceTree = "<group>";
		};
/* End PBXGroup section */

/* Begin PBXNativeTarget section */
		142BBD832DC9151000BF7DA6 /* StackLayout */ = {
			isa = PBXNativeTarget;
			buildConfigurationList = 142BBDAD2DC9151100BF7DA6 /* Build configuration list for PBXNativeTarget "StackLayout" */;
			buildPhases = (
				142BBD802DC9151000BF7DA6 /* Sources */,
				142BBD812DC9151000BF7DA6 /* Frameworks */,
				142BBD822DC9151000BF7DA6 /* Resources */,
			);
			buildRules = (
			);
			dependencies = (
			);
			fileSystemSynchronizedGroups = (
				142BBD862DC9151000BF7DA6 /* StackLayout */,
			);
			name = StackLayout;
			packageProductDependencies = (
			);
			productName = StackLayout;
			productReference = 142BBD842DC9151000BF7DA6 /* StackLayout.app */;
			productType = "com.apple.product-type.application";
		};
		142BBD992DC9151100BF7DA6 /* StackLayoutTests */ = {
			isa = PBXNativeTarget;
			buildConfigurationList = 142BBDB22DC9151100BF7DA6 /* Build configuration list for PBXNativeTarget "StackLayoutTests" */;
			buildPhases = (
				142BBD962DC9151100BF7DA6 /* Sources */,
				142BBD972DC9151100BF7DA6 /* Frameworks */,
				142BBD982DC9151100BF7DA6 /* Resources */,
			);
			buildRules = (
			);
			dependencies = (
				142BBD9C2DC9151100BF7DA6 /* PBXTargetDependency */,
			);
			fileSystemSynchronizedGroups = (
				142BBD9D2DC9151100BF7DA6 /* StackLayoutTests */,
			);
			name = StackLayoutTests;
			packageProductDependencies = (
			);
			productName = StackLayoutTests;
			productReference = 142BBD9A2DC9151100BF7DA6 /* StackLayoutTests.xctest */;
			productType = "com.apple.product-type.bundle.unit-test";
		};
		142BBDA32DC9151100BF7DA6 /* StackLayoutUITests */ = {
			isa = PBXNativeTarget;
			buildConfigurationList = 142BBDB52DC9151100BF7DA6 /* Build configuration list for PBXNativeTarget "StackLayoutUITests" */;
			buildPhases = (
				142BBDA02DC9151100BF7DA6 /* Sources */,
				142BBDA12DC9151100BF7DA6 /* Frameworks */,
				142BBDA22DC9151100BF7DA6 /* Resources */,
			);
			buildRules = (
			);
			dependencies = (
				142BBDA62DC9151100BF7DA6 /* PBXTargetDependency */,
			);
			fileSystemSynchronizedGroups = (
				142BBDA72DC9151100BF7DA6 /* StackLayoutUITests */,
			);
			name = StackLayoutUITests;
			packageProductDependencies = (
			);
			productName = StackLayoutUITests;
			productReference = 142BBDA42DC9151100BF7DA6 /* StackLayoutUITests.xctest */;
			productType = "com.apple.product-type.bundle.ui-testing";
		};
/* End PBXNativeTarget section */

/* Begin PBXProject section */
		142BBD7C2DC9151000BF7DA6 /* Project object */ = {
			isa = PBXProject;
			attributes = {
				BuildIndependentTargetsInParallel = 1;
				LastSwiftUpdateCheck = 1630;
				LastUpgradeCheck = 1630;
				TargetAttributes = {
					142BBD832DC9151000BF7DA6 = {
						CreatedOnToolsVersion = 16.3;
					};
					142BBD992DC9151100BF7DA6 = {
						CreatedOnToolsVersion = 16.3;
						TestTargetID = 142BBD832DC9151000BF7DA6;
					};
					142BBDA32DC9151100BF7DA6 = {
						CreatedOnToolsVersion = 16.3;
						TestTargetID = 142BBD832DC9151000BF7DA6;
					};
				};
			};
			buildConfigurationList = 142BBD7F2DC9151000BF7DA6 /* Build configuration list for PBXProject "StackLayout" */;
			developmentRegion = en;
			hasScannedForEncodings = 0;
			knownRegions = (
				en,
				Base,
			);
			mainGroup = 142BBD7B2DC9151000BF7DA6;
			minimizedProjectReferenceProxies = 1;
			preferredProjectObjectVersion = 77;
			productRefGroup = 142BBD852DC9151000BF7DA6 /* Products */;
			projectDirPath = "";
			projectRoot = "";
			targets = (
				142BBD832DC9151000BF7DA6 /* StackLayout */,
				142BBD992DC9151100BF7DA6 /* StackLayoutTests */,
				142BBDA32DC9151100BF7DA6 /* StackLayoutUITests */,
			);
		};
/* End PBXProject section */

/* Begin PBXResourcesBuildPhase section */
		142BBD822DC9151000BF7DA6 /* Resources */ = {
			isa = PBXResourcesBuildPhase;
			buildActionMask = 2147483647;
			files = (
			);
			runOnlyForDeploymentPostprocessing = 0;
		};
		142BBD982DC9151100BF7DA6 /* Resources */ = {
			isa = PBXResourcesBuildPhase;
			buildActionMask = 2147483647;
			files = (
			);
			runOnlyForDeploymentPostprocessing = 0;
		};
		142BBDA22DC9151100BF7DA6 /* Resources */ = {
			isa = PBXResourcesBuildPhase;
			buildActionMask = 2147483647;
			files = (
			);
			runOnlyForDeploymentPostprocessing = 0;
		};
/* End PBXResourcesBuildPhase section */

/* Begin PBXSourcesBuildPhase section */
		142BBD802DC9151000BF7DA6 /* Sources */ = {
			isa = PBXSourcesBuildPhase;
			buildActionMask = 2147483647;
			files = (
			);
			runOnlyForDeploymentPostprocessing = 0;
		};
		142BBD962DC9151100BF7DA6 /* Sources */ = {
			isa = PBXSourcesBuildPhase;
			buildActionMask = 2147483647;
			files = (
			);
			runOnlyForDeploymentPostprocessing = 0;
		};
		142BBDA02DC9151100BF7DA6 /* Sources */ = {
			isa = PBXSourcesBuildPhase;
			buildActionMask = 2147483647;
			files = (
			);
			runOnlyForDeploymentPostprocessing = 0;
		};
/* End PBXSourcesBuildPhase section */

/* Begin PBXTargetDependency section */
		142BBD9C2DC9151100BF7DA6 /* PBXTargetDependency */ = {
			isa = PBXTargetDependency;
			target = 142BBD832DC9151000BF7DA6 /* StackLayout */;
			targetProxy = 142BBD9B2DC9151100BF7DA6 /* PBXContainerItemProxy */;
		};
		142BBDA62DC9151100BF7DA6 /* PBXTargetDependency */ = {
			isa = PBXTargetDependency;
			target = 142BBD832DC9151000BF7DA6 /* StackLayout */;
			targetProxy = 142BBDA52DC9151100BF7DA6 /* PBXContainerItemProxy */;
		};
/* End PBXTargetDependency section */

/* Begin XCBuildConfiguration section */
		142BBDAE2DC9151100BF7DA6 /* Debug */ = {
			isa = XCBuildConfiguration;
			buildSettings = {
				ASSETCATALOG_COMPILER_APPICON_NAME = AppIcon;
				ASSETCATALOG_COMPILER_GLOBAL_ACCENT_COLOR_NAME = AccentColor;
				CODE_SIGN_STYLE = Automatic;
				CURRENT_PROJECT_VERSION = 1;
				DEVELOPMENT_TEAM = PRQDLF66HN;
				GENERATE_INFOPLIST_FILE = YES;
				INFOPLIST_FILE = StackLayout/Info.plist;
				INFOPLIST_KEY_UIApplicationSupportsIndirectInputEvents = YES;
				INFOPLIST_KEY_UILaunchStoryboardName = LaunchScreen;
				INFOPLIST_KEY_UIMainStoryboardFile = Main;
				INFOPLIST_KEY_UISupportedInterfaceOrientations_iPad = "UIInterfaceOrientationPortrait UIInterfaceOrientationPortraitUpsideDown UIInterfaceOrientationLandscapeLeft UIInterfaceOrientationLandscapeRight";
				INFOPLIST_KEY_UISupportedInterfaceOrientations_iPhone = "UIInterfaceOrientationPortrait UIInterfaceOrientationLandscapeLeft UIInterfaceOrientationLandscapeRight";
				LD_RUNPATH_SEARCH_PATHS = (
					"$(inherited)",
					"@executable_path/Frameworks",
				);
				MARKETING_VERSION = 1.0;
				PRODUCT_BUNDLE_IDENTIFIER = ACAR.StackLayout;
				PRODUCT_NAME = "$(TARGET_NAME)";
				SWIFT_EMIT_LOC_STRINGS = YES;
				SWIFT_VERSION = 5.0;
				TARGETED_DEVICE_FAMILY = "1,2";
			};
			name = Debug;
		};
		142BBDAF2DC9151100BF7DA6 /* Release */ = {
			isa = XCBuildConfiguration;
			buildSettings = {
				ASSETCATALOG_COMPILER_APPICON_NAME = AppIcon;
				ASSETCATALOG_COMPILER_GLOBAL_ACCENT_COLOR_NAME = AccentColor;
				CODE_SIGN_STYLE = Automatic;
				CURRENT_PROJECT_VERSION = 1;
				DEVELOPMENT_TEAM = PRQDLF66HN;
				GENERATE_INFOPLIST_FILE = YES;
				INFOPLIST_FILE = StackLayout/Info.plist;
				INFOPLIST_KEY_UIApplicationSupportsIndirectInputEvents = YES;
				INFOPLIST_KEY_UILaunchStoryboardName = LaunchScreen;
				INFOPLIST_KEY_UIMainStoryboardFile = Main;
				INFOPLIST_KEY_UISupportedInterfaceOrientations_iPad = "UIInterfaceOrientationPortrait UIInterfaceOrientationPortraitUpsideDown UIInterfaceOrientationLandscapeLeft UIInterfaceOrientationLandscapeRight";
				INFOPLIST_KEY_UISupportedInterfaceOrientations_iPhone = "UIInterfaceOrientationPortrait UIInterfaceOrientationLandscapeLeft UIInterfaceOrientationLandscapeRight";
				LD_RUNPATH_SEARCH_PATHS = (
					"$(inherited)",
					"@executable_path/Frameworks",
				);
				MARKETING_VERSION = 1.0;
				PRODUCT_BUNDLE_IDENTIFIER = ACAR.StackLayout;
				PRODUCT_NAME = "$(TARGET_NAME)";
				SWIFT_EMIT_LOC_STRINGS = YES;
				SWIFT_VERSION = 5.0;
				TARGETED_DEVICE_FAMILY = "1,2";
			};
			name = Release;
		};
		142BBDB02DC9151100BF7DA6 /* Debug */ = {
			isa = XCBuildConfiguration;
			buildSettings = {
				ALWAYS_SEARCH_USER_PATHS = NO;
				ASSETCATALOG_COMPILER_GENERATE_SWIFT_ASSET_SYMBOL_EXTENSIONS = YES;
				CLANG_ANALYZER_NONNULL = YES;
				CLANG_ANALYZER_NUMBER_OBJECT_CONVERSION = YES_AGGRESSIVE;
				CLANG_CXX_LANGUAGE_STANDARD = "gnu++20";
				CLANG_ENABLE_MODULES = YES;
				CLANG_ENABLE_OBJC_ARC = YES;
				CLANG_ENABLE_OBJC_WEAK = YES;
				CLANG_WARN_BLOCK_CAPTURE_AUTORELEASING = YES;
				CLANG_WARN_BOOL_CONVERSION = YES;
				CLANG_WARN_COMMA = YES;
				CLANG_WARN_CONSTANT_CONVERSION = YES;
				CLANG_WARN_DEPRECATED_OBJC_IMPLEMENTATIONS = YES;
				CLANG_WARN_DIRECT_OBJC_ISA_USAGE = YES_ERROR;
				CLANG_WARN_DOCUMENTATION_COMMENTS = YES;
				CLANG_WARN_EMPTY_BODY = YES;
				CLANG_WARN_ENUM_CONVERSION = YES;
				CLANG_WARN_INFINITE_RECURSION = YES;
				CLANG_WARN_INT_CONVERSION = YES;
				CLANG_WARN_NON_LITERAL_NULL_CONVERSION = YES;
				CLANG_WARN_OBJC_IMPLICIT_RETAIN_SELF = YES;
				CLANG_WARN_OBJC_LITERAL_CONVERSION = YES;
				CLANG_WARN_OBJC_ROOT_CLASS = YES_ERROR;
				CLANG_WARN_QUOTED_INCLUDE_IN_FRAMEWORK_HEADER = YES;
				CLANG_WARN_RANGE_LOOP_ANALYSIS = YES;
				CLANG_WARN_STRICT_PROTOTYPES = YES;
				CLANG_WARN_SUSPICIOUS_MOVE = YES;
				CLANG_WARN_UNGUARDED_AVAILABILITY = YES_AGGRESSIVE;
				CLANG_WARN_UNREACHABLE_CODE = YES;
				CLANG_WARN__DUPLICATE_METHOD_MATCH = YES;
				COPY_PHASE_STRIP = NO;
				DEBUG_INFORMATION_FORMAT = dwarf;
				DEVELOPMENT_TEAM = PRQDLF66HN;
				ENABLE_STRICT_OBJC_MSGSEND = YES;
				ENABLE_TESTABILITY = YES;
				ENABLE_USER_SCRIPT_SANDBOXING = YES;
				GCC_C_LANGUAGE_STANDARD = gnu17;
				GCC_DYNAMIC_NO_PIC = NO;
				GCC_NO_COMMON_BLOCKS = YES;
				GCC_OPTIMIZATION_LEVEL = 0;
				GCC_PREPROCESSOR_DEFINITIONS = (
					"DEBUG=1",
					"$(inherited)",
				);
				GCC_WARN_64_TO_32_BIT_CONVERSION = YES;
				GCC_WARN_ABOUT_RETURN_TYPE = YES_ERROR;
				GCC_WARN_UNDECLARED_SELECTOR = YES;
				GCC_WARN_UNINITIALIZED_AUTOS = YES_AGGRESSIVE;
				GCC_WARN_UNUSED_FUNCTION = YES;
				GCC_WARN_UNUSED_VARIABLE = YES;
				IPHONEOS_DEPLOYMENT_TARGET = 18.4;
				LOCALIZATION_PREFERS_STRING_CATALOGS = YES;
				MTL_ENABLE_DEBUG_INFO = INCLUDE_SOURCE;
				MTL_FAST_MATH = YES;
				ONLY_ACTIVE_ARCH = YES;
				SDKROOT = iphoneos;
				SWIFT_ACTIVE_COMPILATION_CONDITIONS = "DEBUG $(inherited)";
				SWIFT_OPTIMIZATION_LEVEL = "-Onone";
			};
			name = Debug;
		};
		142BBDB12DC9151100BF7DA6 /* Release */ = {
			isa = XCBuildConfiguration;
			buildSettings = {
				ALWAYS_SEARCH_USER_PATHS = NO;
				ASSETCATALOG_COMPILER_GENERATE_SWIFT_ASSET_SYMBOL_EXTENSIONS = YES;
				CLANG_ANALYZER_NONNULL = YES;
				CLANG_ANALYZER_NUMBER_OBJECT_CONVERSION = YES_AGGRESSIVE;
				CLANG_CXX_LANGUAGE_STANDARD = "gnu++20";
				CLANG_ENABLE_MODULES = YES;
				CLANG_ENABLE_OBJC_ARC = YES;
				CLANG_ENABLE_OBJC_WEAK = YES;
				CLANG_WARN_BLOCK_CAPTURE_AUTORELEASING = YES;
				CLANG_WARN_BOOL_CONVERSION = YES;
				CLANG_WARN_COMMA = YES;
				CLANG_WARN_CONSTANT_CONVERSION = YES;
				CLANG_WARN_DEPRECATED_OBJC_IMPLEMENTATIONS = YES;
				CLANG_WARN_DIRECT_OBJC_ISA_USAGE = YES_ERROR;
				CLANG_WARN_DOCUMENTATION_COMMENTS = YES;
				CLANG_WARN_EMPTY_BODY = YES;
				CLANG_WARN_ENUM_CONVERSION = YES;
				CLANG_WARN_INFINITE_RECURSION = YES;
				CLANG_WARN_INT_CONVERSION = YES;
				CLANG_WARN_NON_LITERAL_NULL_CONVERSION = YES;
				CLANG_WARN_OBJC_IMPLICIT_RETAIN_SELF = YES;
				CLANG_WARN_OBJC_LITERAL_CONVERSION = YES;
				CLANG_WARN_OBJC_ROOT_CLASS = YES_ERROR;
				CLANG_WARN_QUOTED_INCLUDE_IN_FRAMEWORK_HEADER = YES;
				CLANG_WARN_RANGE_LOOP_ANALYSIS = YES;
				CLANG_WARN_STRICT_PROTOTYPES = YES;
				CLANG_WARN_SUSPICIOUS_MOVE = YES;
				CLANG_WARN_UNGUARDED_AVAILABILITY = YES_AGGRESSIVE;
				CLANG_WARN_UNREACHABLE_CODE = YES;
				CLANG_WARN__DUPLICATE_METHOD_MATCH = YES;
				COPY_PHASE_STRIP = NO;
				DEBUG_INFORMATION_FORMAT = "dwarf-with-dsym";
				DEVELOPMENT_TEAM = PRQDLF66HN;
				ENABLE_NS_ASSERTIONS = NO;
				ENABLE_STRICT_OBJC_MSGSEND = YES;
				ENABLE_USER_SCRIPT_SANDBOXING = YES;
				GCC_C_LANGUAGE_STANDARD = gnu17;
				GCC_NO_COMMON_BLOCKS = YES;
				GCC_WARN_64_TO_32_BIT_CONVERSION = YES;
				GCC_WARN_ABOUT_RETURN_TYPE = YES_ERROR;
				GCC_WARN_UNDECLARED_SELECTOR = YES;
				GCC_WARN_UNINITIALIZED_AUTOS = YES_AGGRESSIVE;
				GCC_WARN_UNUSED_FUNCTION = YES;
				GCC_WARN_UNUSED_VARIABLE = YES;
				IPHONEOS_DEPLOYMENT_TARGET = 18.4;
				LOCALIZATION_PREFERS_STRING_CATALOGS = YES;
				MTL_ENABLE_DEBUG_INFO = NO;
				MTL_FAST_MATH = YES;
				SDKROOT = iphoneos;
				SWIFT_COMPILATION_MODE = wholemodule;
				VALIDATE_PRODUCT = YES;
			};
			name = Release;
		};
		142BBDB32DC9151100BF7DA6 /* Debug */ = {
			isa = XCBuildConfiguration;
			buildSettings = {
				BUNDLE_LOADER = "$(TEST_HOST)";
				CODE_SIGN_STYLE = Automatic;
				CURRENT_PROJECT_VERSION = 1;
				DEVELOPMENT_TEAM = PRQDLF66HN;
				GENERATE_INFOPLIST_FILE = YES;
				IPHONEOS_DEPLOYMENT_TARGET = 18.4;
				MARKETING_VERSION = 1.0;
				PRODUCT_BUNDLE_IDENTIFIER = ACAR.StackLayoutTests;
				PRODUCT_NAME = "$(TARGET_NAME)";
				SWIFT_EMIT_LOC_STRINGS = NO;
				SWIFT_VERSION = 5.0;
				TARGETED_DEVICE_FAMILY = "1,2";
				TEST_HOST = "$(BUILT_PRODUCTS_DIR)/StackLayout.app/$(BUNDLE_EXECUTABLE_FOLDER_PATH)/StackLayout";
			};
			name = Debug;
		};
		142BBDB42DC9151100BF7DA6 /* Release */ = {
			isa = XCBuildConfiguration;
			buildSettings = {
				BUNDLE_LOADER = "$(TEST_HOST)";
				CODE_SIGN_STYLE = Automatic;
				CURRENT_PROJECT_VERSION = 1;
				DEVELOPMENT_TEAM = PRQDLF66HN;
				GENERATE_INFOPLIST_FILE = YES;
				IPHONEOS_DEPLOYMENT_TARGET = 18.4;
				MARKETING_VERSION = 1.0;
				PRODUCT_BUNDLE_IDENTIFIER = ACAR.StackLayoutTests;
				PRODUCT_NAME = "$(TARGET_NAME)";
				SWIFT_EMIT_LOC_STRINGS = NO;
				SWIFT_VERSION = 5.0;
				TARGETED_DEVICE_FAMILY = "1,2";
				TEST_HOST = "$(BUILT_PRODUCTS_DIR)/StackLayout.app/$(BUNDLE_EXECUTABLE_FOLDER_PATH)/StackLayout";
			};
			name = Release;
		};
		142BBDB62DC9151100BF7DA6 /* Debug */ = {
			isa = XCBuildConfiguration;
			buildSettings = {
				CODE_SIGN_STYLE = Automatic;
				CURRENT_PROJECT_VERSION = 1;
				DEVELOPMENT_TEAM = PRQDLF66HN;
				GENERATE_INFOPLIST_FILE = YES;
				MARKETING_VERSION = 1.0;
				PRODUCT_BUNDLE_IDENTIFIER = ACAR.StackLayoutUITests;
				PRODUCT_NAME = "$(TARGET_NAME)";
				SWIFT_EMIT_LOC_STRINGS = NO;
				SWIFT_VERSION = 5.0;
				TARGETED_DEVICE_FAMILY = "1,2";
				TEST_TARGET_NAME = StackLayout;
			};
			name = Debug;
		};
		142BBDB72DC9151100BF7DA6 /* Release */ = {
			isa = XCBuildConfiguration;
			buildSettings = {
				CODE_SIGN_STYLE = Automatic;
				CURRENT_PROJECT_VERSION = 1;
				DEVELOPMENT_TEAM = PRQDLF66HN;
				GENERATE_INFOPLIST_FILE = YES;
				MARKETING_VERSION = 1.0;
				PRODUCT_BUNDLE_IDENTIFIER = ACAR.StackLayoutUITests;
				PRODUCT_NAME = "$(TARGET_NAME)";
				SWIFT_EMIT_LOC_STRINGS = NO;
				SWIFT_VERSION = 5.0;
				TARGETED_DEVICE_FAMILY = "1,2";
				TEST_TARGET_NAME = StackLayout;
			};
			name = Release;
		};
/* End XCBuildConfiguration section */

/* Begin XCConfigurationList section */
		142BBD7F2DC9151000BF7DA6 /* Build configuration list for PBXProject "StackLayout" */ = {
			isa = XCConfigurationList;
			buildConfigurations = (
				142BBDB02DC9151100BF7DA6 /* Debug */,
				142BBDB12DC9151100BF7DA6 /* Release */,
			);
			defaultConfigurationIsVisible = 0;
			defaultConfigurationName = Release;
		};
		142BBDAD2DC9151100BF7DA6 /* Build configuration list for PBXNativeTarget "StackLayout" */ = {
			isa = XCConfigurationList;
			buildConfigurations = (
				142BBDAE2DC9151100BF7DA6 /* Debug */,
				142BBDAF2DC9151100BF7DA6 /* Release */,
			);
			defaultConfigurationIsVisible = 0;
			defaultConfigurationName = Release;
		};
		142BBDB22DC9151100BF7DA6 /* Build configuration list for PBXNativeTarget "StackLayoutTests" */ = {
			isa = XCConfigurationList;
			buildConfigurations = (
				142BBDB32DC9151100BF7DA6 /* Debug */,
				142BBDB42DC9151100BF7DA6 /* Release */,
			);
			defaultConfigurationIsVisible = 0;
			defaultConfigurationName = Release;
		};
		142BBDB52DC9151100BF7DA6 /* Build configuration list for PBXNativeTarget "StackLayoutUITests" */ = {
			isa = XCConfigurationList;
			buildConfigurations = (
				142BBDB62DC9151100BF7DA6 /* Debug */,
				142BBDB72DC9151100BF7DA6 /* Release */,
			);
			defaultConfigurationIsVisible = 0;
			defaultConfigurationName = Release;
		};
/* End XCConfigurationList section */
	};
	rootObject = 142BBD7C2DC9151000BF7DA6 /* Project object */;
}
