// !$*UTF8*$!
{
	archiveVersion = 1;
	classes = {
	};
	objectVersion = 77;
	objects = {

/* Begin PBXContainerItemProxy section */
		142BBD5E2DC8ED9700BF7DA6 /* PBXContainerItemProxy */ = {
			isa = PBXContainerItemProxy;
			containerPortal = 142BBD3F2DC8ED9500BF7DA6 /* Project object */;
			proxyType = 1;
			remoteGlobalIDString = 142BBD462DC8ED9500BF7DA6;
			remoteInfo = ProjectLayout;
		};
		142BBD682DC8ED9700BF7DA6 /* PBXContainerItemProxy */ = {
			isa = PBXContainerItemProxy;
			containerPortal = 142BBD3F2DC8ED9500BF7DA6 /* Project object */;
			proxyType = 1;
			remoteGlobalIDString = 142BBD462DC8ED9500BF7DA6;
			remoteInfo = ProjectLayout;
		};
/* End PBXContainerItemProxy section */

/* Begin PBXFileReference section */
		142BBD472DC8ED9500BF7DA6 /* ProjectLayout.app */ = {isa = PBXFileReference; explicitFileType = wrapper.application; includeInIndex = 0; path = ProjectLayout.app; sourceTree = BUILT_PRODUCTS_DIR; };
		142BBD5D2DC8ED9700BF7DA6 /* ProjectLayoutTests.xctest */ = {isa = PBXFileReference; explicitFileType = wrapper.cfbundle; includeInIndex = 0; path = ProjectLayoutTests.xctest; sourceTree = BUILT_PRODUCTS_DIR; };
		142BBD672DC8ED9700BF7DA6 /* ProjectLayoutUITests.xctest */ = {isa = PBXFileReference; explicitFileType = wrapper.cfbundle; includeInIndex = 0; path = ProjectLayoutUITests.xctest; sourceTree = BUILT_PRODUCTS_DIR; };
/* End PBXFileReference section */

/* Begin PBXFileSystemSynchronizedBuildFileExceptionSet section */
		142BBD6F2DC8ED9700BF7DA6 /* Exceptions for "ProjectLayout" folder in "ProjectLayout" target */ = {
			isa = PBXFileSystemSynchronizedBuildFileExceptionSet;
			membershipExceptions = (
				Info.plist,
			);
			target = 142BBD462DC8ED9500BF7DA6 /* ProjectLayout */;
		};
/* End PBXFileSystemSynchronizedBuildFileExceptionSet section */

/* Begin PBXFileSystemSynchronizedRootGroup section */
		142BBD492DC8ED9500BF7DA6 /* ProjectLayout */ = {
			isa = PBXFileSystemSynchronizedRootGroup;
			exceptions = (
				142BBD6F2DC8ED9700BF7DA6 /* Exceptions for "ProjectLayout" folder in "ProjectLayout" target */,
			);
			path = ProjectLayout;
			sourceTree = "<group>";
		};
		142BBD602DC8ED9700BF7DA6 /* ProjectLayoutTests */ = {
			isa = PBXFileSystemSynchronizedRootGroup;
			path = ProjectLayoutTests;
			sourceTree = "<group>";
		};
		142BBD6A2DC8ED9700BF7DA6 /* ProjectLayoutUITests */ = {
			isa = PBXFileSystemSynchronizedRootGroup;
			path = ProjectLayoutUITests;
			sourceTree = "<group>";
		};
/* End PBXFileSystemSynchronizedRootGroup section */

/* Begin PBXFrameworksBuildPhase section */
		142BBD442DC8ED9500BF7DA6 /* Frameworks */ = {
			isa = PBXFrameworksBuildPhase;
			buildActionMask = 2147483647;
			files = (
			);
			runOnlyForDeploymentPostprocessing = 0;
		};
		142BBD5A2DC8ED9700BF7DA6 /* Frameworks */ = {
			isa = PBXFrameworksBuildPhase;
			buildActionMask = 2147483647;
			files = (
			);
			runOnlyForDeploymentPostprocessing = 0;
		};
		142BBD642DC8ED9700BF7DA6 /* Frameworks */ = {
			isa = PBXFrameworksBuildPhase;
			buildActionMask = 2147483647;
			files = (
			);
			runOnlyForDeploymentPostprocessing = 0;
		};
/* End PBXFrameworksBuildPhase section */

/* Begin PBXGroup section */
		142BBD3E2DC8ED9500BF7DA6 = {
			isa = PBXGroup;
			children = (
				142BBD492DC8ED9500BF7DA6 /* ProjectLayout */,
				142BBD602DC8ED9700BF7DA6 /* ProjectLayoutTests */,
				142BBD6A2DC8ED9700BF7DA6 /* ProjectLayoutUITests */,
				142BBD482DC8ED9500BF7DA6 /* Products */,
			);
			sourceTree = "<group>";
		};
		142BBD482DC8ED9500BF7DA6 /* Products */ = {
			isa = PBXGroup;
			children = (
				142BBD472DC8ED9500BF7DA6 /* ProjectLayout.app */,
				142BBD5D2DC8ED9700BF7DA6 /* ProjectLayoutTests.xctest */,
				142BBD672DC8ED9700BF7DA6 /* ProjectLayoutUITests.xctest */,
			);
			name = Products;
			sourceTree = "<group>";
		};
/* End PBXGroup section */

/* Begin PBXNativeTarget section */
		142BBD462DC8ED9500BF7DA6 /* ProjectLayout */ = {
			isa = PBXNativeTarget;
			buildConfigurationList = 142BBD702DC8ED9700BF7DA6 /* Build configuration list for PBXNativeTarget "ProjectLayout" */;
			buildPhases = (
				142BBD432DC8ED9500BF7DA6 /* Sources */,
				142BBD442DC8ED9500BF7DA6 /* Frameworks */,
				142BBD452DC8ED9500BF7DA6 /* Resources */,
			);
			buildRules = (
			);
			dependencies = (
			);
			fileSystemSynchronizedGroups = (
				142BBD492DC8ED9500BF7DA6 /* ProjectLayout */,
			);
			name = ProjectLayout;
			packageProductDependencies = (
			);
			productName = ProjectLayout;
			productReference = 142BBD472DC8ED9500BF7DA6 /* ProjectLayout.app */;
			productType = "com.apple.product-type.application";
		};
		142BBD5C2DC8ED9700BF7DA6 /* ProjectLayoutTests */ = {
			isa = PBXNativeTarget;
			buildConfigurationList = 142BBD752DC8ED9700BF7DA6 /* Build configuration list for PBXNativeTarget "ProjectLayoutTests" */;
			buildPhases = (
				142BBD592DC8ED9700BF7DA6 /* Sources */,
				142BBD5A2DC8ED9700BF7DA6 /* Frameworks */,
				142BBD5B2DC8ED9700BF7DA6 /* Resources */,
			);
			buildRules = (
			);
			dependencies = (
				142BBD5F2DC8ED9700BF7DA6 /* PBXTargetDependency */,
			);
			fileSystemSynchronizedGroups = (
				142BBD602DC8ED9700BF7DA6 /* ProjectLayoutTests */,
			);
			name = ProjectLayoutTests;
			packageProductDependencies = (
			);
			productName = ProjectLayoutTests;
			productReference = 142BBD5D2DC8ED9700BF7DA6 /* ProjectLayoutTests.xctest */;
			productType = "com.apple.product-type.bundle.unit-test";
		};
		142BBD662DC8ED9700BF7DA6 /* ProjectLayoutUITests */ = {
			isa = PBXNativeTarget;
			buildConfigurationList = 142BBD782DC8ED9700BF7DA6 /* Build configuration list for PBXNativeTarget "ProjectLayoutUITests" */;
			buildPhases = (
				142BBD632DC8ED9700BF7DA6 /* Sources */,
				142BBD642DC8ED9700BF7DA6 /* Frameworks */,
				142BBD652DC8ED9700BF7DA6 /* Resources */,
			);
			buildRules = (
			);
			dependencies = (
				142BBD692DC8ED9700BF7DA6 /* PBXTargetDependency */,
			);
			fileSystemSynchronizedGroups = (
				142BBD6A2DC8ED9700BF7DA6 /* ProjectLayoutUITests */,
			);
			name = ProjectLayoutUITests;
			packageProductDependencies = (
			);
			productName = ProjectLayoutUITests;
			productReference = 142BBD672DC8ED9700BF7DA6 /* ProjectLayoutUITests.xctest */;
			productType = "com.apple.product-type.bundle.ui-testing";
		};
/* End PBXNativeTarget section */

/* Begin PBXProject section */
		142BBD3F2DC8ED9500BF7DA6 /* Project object */ = {
			isa = PBXProject;
			attributes = {
				BuildIndependentTargetsInParallel = 1;
				LastSwiftUpdateCheck = 1630;
				LastUpgradeCheck = 1630;
				TargetAttributes = {
					142BBD462DC8ED9500BF7DA6 = {
						CreatedOnToolsVersion = 16.3;
					};
					142BBD5C2DC8ED9700BF7DA6 = {
						CreatedOnToolsVersion = 16.3;
						TestTargetID = 142BBD462DC8ED9500BF7DA6;
					};
					142BBD662DC8ED9700BF7DA6 = {
						CreatedOnToolsVersion = 16.3;
						TestTargetID = 142BBD462DC8ED9500BF7DA6;
					};
				};
			};
			buildConfigurationList = 142BBD422DC8ED9500BF7DA6 /* Build configuration list for PBXProject "ProjectLayout" */;
			developmentRegion = en;
			hasScannedForEncodings = 0;
			knownRegions = (
				en,
				Base,
			);
			mainGroup = 142BBD3E2DC8ED9500BF7DA6;
			minimizedProjectReferenceProxies = 1;
			preferredProjectObjectVersion = 77;
			productRefGroup = 142BBD482DC8ED9500BF7DA6 /* Products */;
			projectDirPath = "";
			projectRoot = "";
			targets = (
				142BBD462DC8ED9500BF7DA6 /* ProjectLayout */,
				142BBD5C2DC8ED9700BF7DA6 /* ProjectLayoutTests */,
				142BBD662DC8ED9700BF7DA6 /* ProjectLayoutUITests */,
			);
		};
/* End PBXProject section */

/* Begin PBXResourcesBuildPhase section */
		142BBD452DC8ED9500BF7DA6 /* Resources */ = {
			isa = PBXResourcesBuildPhase;
			buildActionMask = 2147483647;
			files = (
			);
			runOnlyForDeploymentPostprocessing = 0;
		};
		142BBD5B2DC8ED9700BF7DA6 /* Resources */ = {
			isa = PBXResourcesBuildPhase;
			buildActionMask = 2147483647;
			files = (
			);
			runOnlyForDeploymentPostprocessing = 0;
		};
		142BBD652DC8ED9700BF7DA6 /* Resources */ = {
			isa = PBXResourcesBuildPhase;
			buildActionMask = 2147483647;
			files = (
			);
			runOnlyForDeploymentPostprocessing = 0;
		};
/* End PBXResourcesBuildPhase section */

/* Begin PBXSourcesBuildPhase section */
		142BBD432DC8ED9500BF7DA6 /* Sources */ = {
			isa = PBXSourcesBuildPhase;
			buildActionMask = 2147483647;
			files = (
			);
			runOnlyForDeploymentPostprocessing = 0;
		};
		142BBD592DC8ED9700BF7DA6 /* Sources */ = {
			isa = PBXSourcesBuildPhase;
			buildActionMask = 2147483647;
			files = (
			);
			runOnlyForDeploymentPostprocessing = 0;
		};
		142BBD632DC8ED9700BF7DA6 /* Sources */ = {
			isa = PBXSourcesBuildPhase;
			buildActionMask = 2147483647;
			files = (
			);
			runOnlyForDeploymentPostprocessing = 0;
		};
/* End PBXSourcesBuildPhase section */

/* Begin PBXTargetDependency section */
		142BBD5F2DC8ED9700BF7DA6 /* PBXTargetDependency */ = {
			isa = PBXTargetDependency;
			target = 142BBD462DC8ED9500BF7DA6 /* ProjectLayout */;
			targetProxy = 142BBD5E2DC8ED9700BF7DA6 /* PBXContainerItemProxy */;
		};
		142BBD692DC8ED9700BF7DA6 /* PBXTargetDependency */ = {
			isa = PBXTargetDependency;
			target = 142BBD462DC8ED9500BF7DA6 /* ProjectLayout */;
			targetProxy = 142BBD682DC8ED9700BF7DA6 /* PBXContainerItemProxy */;
		};
/* End PBXTargetDependency section */

/* Begin XCBuildConfiguration section */
		142BBD712DC8ED9700BF7DA6 /* Debug */ = {
			isa = XCBuildConfiguration;
			buildSettings = {
				ASSETCATALOG_COMPILER_APPICON_NAME = AppIcon;
				ASSETCATALOG_COMPILER_GLOBAL_ACCENT_COLOR_NAME = AccentColor;
				CODE_SIGN_STYLE = Automatic;
				CURRENT_PROJECT_VERSION = 1;
				DEVELOPMENT_TEAM = PRQDLF66HN;
				GENERATE_INFOPLIST_FILE = YES;
				INFOPLIST_FILE = ProjectLayout/Info.plist;
				INFOPLIST_KEY_UIApplicationSupportsIndirectInputEvents = YES;
				INFOPLIST_KEY_UILaunchStoryboardName = LaunchScreen;
				INFOPLIST_KEY_UIMainStoryboardFile = Main;
				INFOPLIST_KEY_UISupportedInterfaceOrientations = "UIInterfaceOrientationLandscapeLeft UIInterfaceOrientationLandscapeRight UIInterfaceOrientationPortrait";
				INFOPLIST_KEY_UISupportedInterfaceOrientations_iPad = "UIInterfaceOrientationLandscapeLeft UIInterfaceOrientationLandscapeRight UIInterfaceOrientationPortrait UIInterfaceOrientationPortraitUpsideDown";
				LD_RUNPATH_SEARCH_PATHS = (
					"$(inherited)",
					"@executable_path/Frameworks",
				);
				MARKETING_VERSION = 1.0;
				PRODUCT_BUNDLE_IDENTIFIER = ACAR.ProjectLayout;
				PRODUCT_NAME = "$(TARGET_NAME)";
				SWIFT_EMIT_LOC_STRINGS = YES;
				SWIFT_VERSION = 5.0;
				TARGETED_DEVICE_FAMILY = "1,2";
			};
			name = Debug;
		};
		142BBD722DC8ED9700BF7DA6 /* Release */ = {
			isa = XCBuildConfiguration;
			buildSettings = {
				ASSETCATALOG_COMPILER_APPICON_NAME = AppIcon;
				ASSETCATALOG_COMPILER_GLOBAL_ACCENT_COLOR_NAME = AccentColor;
				CODE_SIGN_STYLE = Automatic;
				CURRENT_PROJECT_VERSION = 1;
				DEVELOPMENT_TEAM = PRQDLF66HN;
				GENERATE_INFOPLIST_FILE = YES;
				INFOPLIST_FILE = ProjectLayout/Info.plist;
				INFOPLIST_KEY_UIApplicationSupportsIndirectInputEvents = YES;
				INFOPLIST_KEY_UILaunchStoryboardName = LaunchScreen;
				INFOPLIST_KEY_UIMainStoryboardFile = Main;
				INFOPLIST_KEY_UISupportedInterfaceOrientations = "UIInterfaceOrientationLandscapeLeft UIInterfaceOrientationLandscapeRight UIInterfaceOrientationPortrait";
				INFOPLIST_KEY_UISupportedInterfaceOrientations_iPad = "UIInterfaceOrientationLandscapeLeft UIInterfaceOrientationLandscapeRight UIInterfaceOrientationPortrait UIInterfaceOrientationPortraitUpsideDown";
				LD_RUNPATH_SEARCH_PATHS = (
					"$(inherited)",
					"@executable_path/Frameworks",
				);
				MARKETING_VERSION = 1.0;
				PRODUCT_BUNDLE_IDENTIFIER = ACAR.ProjectLayout;
				PRODUCT_NAME = "$(TARGET_NAME)";
				SWIFT_EMIT_LOC_STRINGS = YES;
				SWIFT_VERSION = 5.0;
				TARGETED_DEVICE_FAMILY = "1,2";
			};
			name = Release;
		};
		142BBD732DC8ED9700BF7DA6 /* Debug */ = {
			isa = XCBuildConfiguration;
			buildSettings = {
				ALWAYS_SEARCH_USER_PATHS = NO;
				ASSETCATALOG_COMPILER_GENERATE_SWIFT_ASSET_SYMBOL_EXTENSIONS = YES;
				CLANG_ANALYZER_NONNULL = YES;
				CLANG_ANALYZER_NUMBER_OBJECT_CONVERSION = YES_AGGRESSIVE;
				CLANG_CXX_LANGUAGE_STANDARD = "gnu++20";
				CLANG_ENABLE_MODULES = YES;
				CLANG_ENABLE_OBJC_ARC = YES;
				CLANG_ENABLE_OBJC_WEAK = YES;
				CLANG_WARN_BLOCK_CAPTURE_AUTORELEASING = YES;
				CLANG_WARN_BOOL_CONVERSION = YES;
				CLANG_WARN_COMMA = YES;
				CLANG_WARN_CONSTANT_CONVERSION = YES;
				CLANG_WARN_DEPRECATED_OBJC_IMPLEMENTATIONS = YES;
				CLANG_WARN_DIRECT_OBJC_ISA_USAGE = YES_ERROR;
				CLANG_WARN_DOCUMENTATION_COMMENTS = YES;
				CLANG_WARN_EMPTY_BODY = YES;
				CLANG_WARN_ENUM_CONVERSION = YES;
				CLANG_WARN_INFINITE_RECURSION = YES;
				CLANG_WARN_INT_CONVERSION = YES;
				CLANG_WARN_NON_LITERAL_NULL_CONVERSION = YES;
				CLANG_WARN_OBJC_IMPLICIT_RETAIN_SELF = YES;
				CLANG_WARN_OBJC_LITERAL_CONVERSION = YES;
				CLANG_WARN_OBJC_ROOT_CLASS = YES_ERROR;
				CLANG_WARN_QUOTED_INCLUDE_IN_FRAMEWORK_HEADER = YES;
				CLANG_WARN_RANGE_LOOP_ANALYSIS = YES;
				CLANG_WARN_STRICT_PROTOTYPES = YES;
				CLANG_WARN_SUSPICIOUS_MOVE = YES;
				CLANG_WARN_UNGUARDED_AVAILABILITY = YES_AGGRESSIVE;
				CLANG_WARN_UNREACHABLE_CODE = YES;
				CLANG_WARN__DUPLICATE_METHOD_MATCH = YES;
				COPY_PHASE_STRIP = NO;
				DEBUG_INFORMATION_FORMAT = dwarf;
				DEVELOPMENT_TEAM = PRQDLF66HN;
				ENABLE_STRICT_OBJC_MSGSEND = YES;
				ENABLE_TESTABILITY = YES;
				ENABLE_USER_SCRIPT_SANDBOXING = YES;
				GCC_C_LANGUAGE_STANDARD = gnu17;
				GCC_DYNAMIC_NO_PIC = NO;
				GCC_NO_COMMON_BLOCKS = YES;
				GCC_OPTIMIZATION_LEVEL = 0;
				GCC_PREPROCESSOR_DEFINITIONS = (
					"DEBUG=1",
					"$(inherited)",
				);
				GCC_WARN_64_TO_32_BIT_CONVERSION = YES;
				GCC_WARN_ABOUT_RETURN_TYPE = YES_ERROR;
				GCC_WARN_UNDECLARED_SELECTOR = YES;
				GCC_WARN_UNINITIALIZED_AUTOS = YES_AGGRESSIVE;
				GCC_WARN_UNUSED_FUNCTION = YES;
				GCC_WARN_UNUSED_VARIABLE = YES;
				IPHONEOS_DEPLOYMENT_TARGET = 18.4;
				LOCALIZATION_PREFERS_STRING_CATALOGS = YES;
				MTL_ENABLE_DEBUG_INFO = INCLUDE_SOURCE;
				MTL_FAST_MATH = YES;
				ONLY_ACTIVE_ARCH = YES;
				SDKROOT = iphoneos;
				SWIFT_ACTIVE_COMPILATION_CONDITIONS = "DEBUG $(inherited)";
				SWIFT_OPTIMIZATION_LEVEL = "-Onone";
			};
			name = Debug;
		};
		142BBD742DC8ED9700BF7DA6 /* Release */ = {
			isa = XCBuildConfiguration;
			buildSettings = {
				ALWAYS_SEARCH_USER_PATHS = NO;
				ASSETCATALOG_COMPILER_GENERATE_SWIFT_ASSET_SYMBOL_EXTENSIONS = YES;
				CLANG_ANALYZER_NONNULL = YES;
				CLANG_ANALYZER_NUMBER_OBJECT_CONVERSION = YES_AGGRESSIVE;
				CLANG_CXX_LANGUAGE_STANDARD = "gnu++20";
				CLANG_ENABLE_MODULES = YES;
				CLANG_ENABLE_OBJC_ARC = YES;
				CLANG_ENABLE_OBJC_WEAK = YES;
				CLANG_WARN_BLOCK_CAPTURE_AUTORELEASING = YES;
				CLANG_WARN_BOOL_CONVERSION = YES;
				CLANG_WARN_COMMA = YES;
				CLANG_WARN_CONSTANT_CONVERSION = YES;
				CLANG_WARN_DEPRECATED_OBJC_IMPLEMENTATIONS = YES;
				CLANG_WARN_DIRECT_OBJC_ISA_USAGE = YES_ERROR;
				CLANG_WARN_DOCUMENTATION_COMMENTS = YES;
				CLANG_WARN_EMPTY_BODY = YES;
				CLANG_WARN_ENUM_CONVERSION = YES;
				CLANG_WARN_INFINITE_RECURSION = YES;
				CLANG_WARN_INT_CONVERSION = YES;
				CLANG_WARN_NON_LITERAL_NULL_CONVERSION = YES;
				CLANG_WARN_OBJC_IMPLICIT_RETAIN_SELF = YES;
				CLANG_WARN_OBJC_LITERAL_CONVERSION = YES;
				CLANG_WARN_OBJC_ROOT_CLASS = YES_ERROR;
				CLANG_WARN_QUOTED_INCLUDE_IN_FRAMEWORK_HEADER = YES;
				CLANG_WARN_RANGE_LOOP_ANALYSIS = YES;
				CLANG_WARN_STRICT_PROTOTYPES = YES;
				CLANG_WARN_SUSPICIOUS_MOVE = YES;
				CLANG_WARN_UNGUARDED_AVAILABILITY = YES_AGGRESSIVE;
				CLANG_WARN_UNREACHABLE_CODE = YES;
				CLANG_WARN__DUPLICATE_METHOD_MATCH = YES;
				COPY_PHASE_STRIP = NO;
				DEBUG_INFORMATION_FORMAT = "dwarf-with-dsym";
				DEVELOPMENT_TEAM = PRQDLF66HN;
				ENABLE_NS_ASSERTIONS = NO;
				ENABLE_STRICT_OBJC_MSGSEND = YES;
				ENABLE_USER_SCRIPT_SANDBOXING = YES;
				GCC_C_LANGUAGE_STANDARD = gnu17;
				GCC_NO_COMMON_BLOCKS = YES;
				GCC_WARN_64_TO_32_BIT_CONVERSION = YES;
				GCC_WARN_ABOUT_RETURN_TYPE = YES_ERROR;
				GCC_WARN_UNDECLARED_SELECTOR = YES;
				GCC_WARN_UNINITIALIZED_AUTOS = YES_AGGRESSIVE;
				GCC_WARN_UNUSED_FUNCTION = YES;
				GCC_WARN_UNUSED_VARIABLE = YES;
				IPHONEOS_DEPLOYMENT_TARGET = 18.4;
				LOCALIZATION_PREFERS_STRING_CATALOGS = YES;
				MTL_ENABLE_DEBUG_INFO = NO;
				MTL_FAST_MATH = YES;
				SDKROOT = iphoneos;
				SWIFT_COMPILATION_MODE = wholemodule;
				VALIDATE_PRODUCT = YES;
			};
			name = Release;
		};
		142BBD762DC8ED9700BF7DA6 /* Debug */ = {
			isa = XCBuildConfiguration;
			buildSettings = {
				BUNDLE_LOADER = "$(TEST_HOST)";
				CODE_SIGN_STYLE = Automatic;
				CURRENT_PROJECT_VERSION = 1;
				DEVELOPMENT_TEAM = PRQDLF66HN;
				GENERATE_INFOPLIST_FILE = YES;
				IPHONEOS_DEPLOYMENT_TARGET = 18.4;
				MARKETING_VERSION = 1.0;
				PRODUCT_BUNDLE_IDENTIFIER = ACAR.ProjectLayoutTests;
				PRODUCT_NAME = "$(TARGET_NAME)";
				SWIFT_EMIT_LOC_STRINGS = NO;
				SWIFT_VERSION = 5.0;
				TARGETED_DEVICE_FAMILY = "1,2";
				TEST_HOST = "$(BUILT_PRODUCTS_DIR)/ProjectLayout.app/$(BUNDLE_EXECUTABLE_FOLDER_PATH)/ProjectLayout";
			};
			name = Debug;
		};
		142BBD772DC8ED9700BF7DA6 /* Release */ = {
			isa = XCBuildConfiguration;
			buildSettings = {
				BUNDLE_LOADER = "$(TEST_HOST)";
				CODE_SIGN_STYLE = Automatic;
				CURRENT_PROJECT_VERSION = 1;
				DEVELOPMENT_TEAM = PRQDLF66HN;
				GENERATE_INFOPLIST_FILE = YES;
				IPHONEOS_DEPLOYMENT_TARGET = 18.4;
				MARKETING_VERSION = 1.0;
				PRODUCT_BUNDLE_IDENTIFIER = ACAR.ProjectLayoutTests;
				PRODUCT_NAME = "$(TARGET_NAME)";
				SWIFT_EMIT_LOC_STRINGS = NO;
				SWIFT_VERSION = 5.0;
				TARGETED_DEVICE_FAMILY = "1,2";
				TEST_HOST = "$(BUILT_PRODUCTS_DIR)/ProjectLayout.app/$(BUNDLE_EXECUTABLE_FOLDER_PATH)/ProjectLayout";
			};
			name = Release;
		};
		142BBD792DC8ED9700BF7DA6 /* Debug */ = {
			isa = XCBuildConfiguration;
			buildSettings = {
				CODE_SIGN_STYLE = Automatic;
				CURRENT_PROJECT_VERSION = 1;
				DEVELOPMENT_TEAM = PRQDLF66HN;
				GENERATE_INFOPLIST_FILE = YES;
				MARKETING_VERSION = 1.0;
				PRODUCT_BUNDLE_IDENTIFIER = ACAR.ProjectLayoutUITests;
				PRODUCT_NAME = "$(TARGET_NAME)";
				SWIFT_EMIT_LOC_STRINGS = NO;
				SWIFT_VERSION = 5.0;
				TARGETED_DEVICE_FAMILY = "1,2";
				TEST_TARGET_NAME = ProjectLayout;
			};
			name = Debug;
		};
		142BBD7A2DC8ED9700BF7DA6 /* Release */ = {
			isa = XCBuildConfiguration;
			buildSettings = {
				CODE_SIGN_STYLE = Automatic;
				CURRENT_PROJECT_VERSION = 1;
				DEVELOPMENT_TEAM = PRQDLF66HN;
				GENERATE_INFOPLIST_FILE = YES;
				MARKETING_VERSION = 1.0;
				PRODUCT_BUNDLE_IDENTIFIER = ACAR.ProjectLayoutUITests;
				PRODUCT_NAME = "$(TARGET_NAME)";
				SWIFT_EMIT_LOC_STRINGS = NO;
				SWIFT_VERSION = 5.0;
				TARGETED_DEVICE_FAMILY = "1,2";
				TEST_TARGET_NAME = ProjectLayout;
			};
			name = Release;
		};
/* End XCBuildConfiguration section */

/* Begin XCConfigurationList section */
		142BBD422DC8ED9500BF7DA6 /* Build configuration list for PBXProject "ProjectLayout" */ = {
			isa = XCConfigurationList;
			buildConfigurations = (
				142BBD732DC8ED9700BF7DA6 /* Debug */,
				142BBD742DC8ED9700BF7DA6 /* Release */,
			);
			defaultConfigurationIsVisible = 0;
			defaultConfigurationName = Release;
		};
		142BBD702DC8ED9700BF7DA6 /* Build configuration list for PBXNativeTarget "ProjectLayout" */ = {
			isa = XCConfigurationList;
			buildConfigurations = (
				142BBD712DC8ED9700BF7DA6 /* Debug */,
				142BBD722DC8ED9700BF7DA6 /* Release */,
			);
			defaultConfigurationIsVisible = 0;
			defaultConfigurationName = Release;
		};
		142BBD752DC8ED9700BF7DA6 /* Build configuration list for PBXNativeTarget "ProjectLayoutTests" */ = {
			isa = XCConfigurationList;
			buildConfigurations = (
				142BBD762DC8ED9700BF7DA6 /* Debug */,
				142BBD772DC8ED9700BF7DA6 /* Release */,
			);
			defaultConfigurationIsVisible = 0;
			defaultConfigurationName = Release;
		};
		142BBD782DC8ED9700BF7DA6 /* Build configuration list for PBXNativeTarget "ProjectLayoutUITests" */ = {
			isa = XCConfigurationList;
			buildConfigurations = (
				142BBD792DC8ED9700BF7DA6 /* Debug */,
				142BBD7A2DC8ED9700BF7DA6 /* Release */,
			);
			defaultConfigurationIsVisible = 0;
			defaultConfigurationName = Release;
		};
/* End XCConfigurationList section */
	};
	rootObject = 142BBD3F2DC8ED9500BF7DA6 /* Project object */;
}
