// !$*UTF8*$!
{
	archiveVersion = 1;
	classes = {
	};
	objectVersion = 77;
	objects = {

/* Begin PBXContainerItemProxy section */
		1456C4762DCA8E9C008B8D29 /* PBXContainerItemProxy */ = {
			isa = PBXContainerItemProxy;
			containerPortal = 1456C4572DCA8E9A008B8D29 /* Project object */;
			proxyType = 1;
			remoteGlobalIDString = 1456C45E2DCA8E9A008B8D29;
			remoteInfo = ObjectsWithCode;
		};
		1456C4802DCA8E9C008B8D29 /* PBXContainerItemProxy */ = {
			isa = PBXContainerItemProxy;
			containerPortal = 1456C4572DCA8E9A008B8D29 /* Project object */;
			proxyType = 1;
			remoteGlobalIDString = 1456C45E2DCA8E9A008B8D29;
			remoteInfo = ObjectsWithCode;
		};
/* End PBXContainerItemProxy section */

/* Begin PBXFileReference section */
		1456C45F2DCA8E9A008B8D29 /* ObjectsWithCode.app */ = {isa = PBXFileReference; explicitFileType = wrapper.application; includeInIndex = 0; path = ObjectsWithCode.app; sourceTree = BUILT_PRODUCTS_DIR; };
		1456C4752DCA8E9C008B8D29 /* ObjectsWithCodeTests.xctest */ = {isa = PBXFileReference; explicitFileType = wrapper.cfbundle; includeInIndex = 0; path = ObjectsWithCodeTests.xctest; sourceTree = BUILT_PRODUCTS_DIR; };
		1456C47F2DCA8E9C008B8D29 /* ObjectsWithCodeUITests.xctest */ = {isa = PBXFileReference; explicitFileType = wrapper.cfbundle; includeInIndex = 0; path = ObjectsWithCodeUITests.xctest; sourceTree = BUILT_PRODUCTS_DIR; };
/* End PBXFileReference section */

/* Begin PBXFileSystemSynchronizedBuildFileExceptionSet section */
		1456C4872DCA8E9C008B8D29 /* Exceptions for "ObjectsWithCode" folder in "ObjectsWithCode" target */ = {
			isa = PBXFileSystemSynchronizedBuildFileExceptionSet;
			membershipExceptions = (
				Info.plist,
			);
			target = 1456C45E2DCA8E9A008B8D29 /* ObjectsWithCode */;
		};
/* End PBXFileSystemSynchronizedBuildFileExceptionSet section */

/* Begin PBXFileSystemSynchronizedRootGroup section */
		1456C4612DCA8E9A008B8D29 /* ObjectsWithCode */ = {
			isa = PBXFileSystemSynchronizedRootGroup;
			exceptions = (
				1456C4872DCA8E9C008B8D29 /* Exceptions for "ObjectsWithCode" folder in "ObjectsWithCode" target */,
			);
			path = ObjectsWithCode;
			sourceTree = "<group>";
		};
		1456C4782DCA8E9C008B8D29 /* ObjectsWithCodeTests */ = {
			isa = PBXFileSystemSynchronizedRootGroup;
			path = ObjectsWithCodeTests;
			sourceTree = "<group>";
		};
		1456C4822DCA8E9C008B8D29 /* ObjectsWithCodeUITests */ = {
			isa = PBXFileSystemSynchronizedRootGroup;
			path = ObjectsWithCodeUITests;
			sourceTree = "<group>";
		};
/* End PBXFileSystemSynchronizedRootGroup section */

/* Begin PBXFrameworksBuildPhase section */
		1456C45C2DCA8E9A008B8D29 /* Frameworks */ = {
			isa = PBXFrameworksBuildPhase;
			buildActionMask = 2147483647;
			files = (
			);
			runOnlyForDeploymentPostprocessing = 0;
		};
		1456C4722DCA8E9C008B8D29 /* Frameworks */ = {
			isa = PBXFrameworksBuildPhase;
			buildActionMask = 2147483647;
			files = (
			);
			runOnlyForDeploymentPostprocessing = 0;
		};
		1456C47C2DCA8E9C008B8D29 /* Frameworks */ = {
			isa = PBXFrameworksBuildPhase;
			buildActionMask = 2147483647;
			files = (
			);
			runOnlyForDeploymentPostprocessing = 0;
		};
/* End PBXFrameworksBuildPhase section */

/* Begin PBXGroup section */
		1456C4562DCA8E9A008B8D29 = {
			isa = PBXGroup;
			children = (
				1456C4612DCA8E9A008B8D29 /* ObjectsWithCode */,
				1456C4782DCA8E9C008B8D29 /* ObjectsWithCodeTests */,
				1456C4822DCA8E9C008B8D29 /* ObjectsWithCodeUITests */,
				1456C4602DCA8E9A008B8D29 /* Products */,
			);
			sourceTree = "<group>";
		};
		1456C4602DCA8E9A008B8D29 /* Products */ = {
			isa = PBXGroup;
			children = (
				1456C45F2DCA8E9A008B8D29 /* ObjectsWithCode.app */,
				1456C4752DCA8E9C008B8D29 /* ObjectsWithCodeTests.xctest */,
				1456C47F2DCA8E9C008B8D29 /* ObjectsWithCodeUITests.xctest */,
			);
			name = Products;
			sourceTree = "<group>";
		};
/* End PBXGroup section */

/* Begin PBXNativeTarget section */
		1456C45E2DCA8E9A008B8D29 /* ObjectsWithCode */ = {
			isa = PBXNativeTarget;
			buildConfigurationList = 1456C4882DCA8E9C008B8D29 /* Build configuration list for PBXNativeTarget "ObjectsWithCode" */;
			buildPhases = (
				1456C45B2DCA8E9A008B8D29 /* Sources */,
				1456C45C2DCA8E9A008B8D29 /* Frameworks */,
				1456C45D2DCA8E9A008B8D29 /* Resources */,
			);
			buildRules = (
			);
			dependencies = (
			);
			fileSystemSynchronizedGroups = (
				1456C4612DCA8E9A008B8D29 /* ObjectsWithCode */,
			);
			name = ObjectsWithCode;
			packageProductDependencies = (
			);
			productName = ObjectsWithCode;
			productReference = 1456C45F2DCA8E9A008B8D29 /* ObjectsWithCode.app */;
			productType = "com.apple.product-type.application";
		};
		1456C4742DCA8E9C008B8D29 /* ObjectsWithCodeTests */ = {
			isa = PBXNativeTarget;
			buildConfigurationList = 1456C48D2DCA8E9C008B8D29 /* Build configuration list for PBXNativeTarget "ObjectsWithCodeTests" */;
			buildPhases = (
				1456C4712DCA8E9C008B8D29 /* Sources */,
				1456C4722DCA8E9C008B8D29 /* Frameworks */,
				1456C4732DCA8E9C008B8D29 /* Resources */,
			);
			buildRules = (
			);
			dependencies = (
				1456C4772DCA8E9C008B8D29 /* PBXTargetDependency */,
			);
			fileSystemSynchronizedGroups = (
				1456C4782DCA8E9C008B8D29 /* ObjectsWithCodeTests */,
			);
			name = ObjectsWithCodeTests;
			packageProductDependencies = (
			);
			productName = ObjectsWithCodeTests;
			productReference = 1456C4752DCA8E9C008B8D29 /* ObjectsWithCodeTests.xctest */;
			productType = "com.apple.product-type.bundle.unit-test";
		};
		1456C47E2DCA8E9C008B8D29 /* ObjectsWithCodeUITests */ = {
			isa = PBXNativeTarget;
			buildConfigurationList = 1456C4902DCA8E9C008B8D29 /* Build configuration list for PBXNativeTarget "ObjectsWithCodeUITests" */;
			buildPhases = (
				1456C47B2DCA8E9C008B8D29 /* Sources */,
				1456C47C2DCA8E9C008B8D29 /* Frameworks */,
				1456C47D2DCA8E9C008B8D29 /* Resources */,
			);
			buildRules = (
			);
			dependencies = (
				1456C4812DCA8E9C008B8D29 /* PBXTargetDependency */,
			);
			fileSystemSynchronizedGroups = (
				1456C4822DCA8E9C008B8D29 /* ObjectsWithCodeUITests */,
			);
			name = ObjectsWithCodeUITests;
			packageProductDependencies = (
			);
			productName = ObjectsWithCodeUITests;
			productReference = 1456C47F2DCA8E9C008B8D29 /* ObjectsWithCodeUITests.xctest */;
			productType = "com.apple.product-type.bundle.ui-testing";
		};
/* End PBXNativeTarget section */

/* Begin PBXProject section */
		1456C4572DCA8E9A008B8D29 /* Project object */ = {
			isa = PBXProject;
			attributes = {
				BuildIndependentTargetsInParallel = 1;
				LastSwiftUpdateCheck = 1630;
				LastUpgradeCheck = 1630;
				TargetAttributes = {
					1456C45E2DCA8E9A008B8D29 = {
						CreatedOnToolsVersion = 16.3;
					};
					1456C4742DCA8E9C008B8D29 = {
						CreatedOnToolsVersion = 16.3;
						TestTargetID = 1456C45E2DCA8E9A008B8D29;
					};
					1456C47E2DCA8E9C008B8D29 = {
						CreatedOnToolsVersion = 16.3;
						TestTargetID = 1456C45E2DCA8E9A008B8D29;
					};
				};
			};
			buildConfigurationList = 1456C45A2DCA8E9A008B8D29 /* Build configuration list for PBXProject "ObjectsWithCode" */;
			developmentRegion = en;
			hasScannedForEncodings = 0;
			knownRegions = (
				en,
				Base,
			);
			mainGroup = 1456C4562DCA8E9A008B8D29;
			minimizedProjectReferenceProxies = 1;
			preferredProjectObjectVersion = 77;
			productRefGroup = 1456C4602DCA8E9A008B8D29 /* Products */;
			projectDirPath = "";
			projectRoot = "";
			targets = (
				1456C45E2DCA8E9A008B8D29 /* ObjectsWithCode */,
				1456C4742DCA8E9C008B8D29 /* ObjectsWithCodeTests */,
				1456C47E2DCA8E9C008B8D29 /* ObjectsWithCodeUITests */,
			);
		};
/* End PBXProject section */

/* Begin PBXResourcesBuildPhase section */
		1456C45D2DCA8E9A008B8D29 /* Resources */ = {
			isa = PBXResourcesBuildPhase;
			buildActionMask = 2147483647;
			files = (
			);
			runOnlyForDeploymentPostprocessing = 0;
		};
		1456C4732DCA8E9C008B8D29 /* Resources */ = {
			isa = PBXResourcesBuildPhase;
			buildActionMask = 2147483647;
			files = (
			);
			runOnlyForDeploymentPostprocessing = 0;
		};
		1456C47D2DCA8E9C008B8D29 /* Resources */ = {
			isa = PBXResourcesBuildPhase;
			buildActionMask = 2147483647;
			files = (
			);
			runOnlyForDeploymentPostprocessing = 0;
		};
/* End PBXResourcesBuildPhase section */

/* Begin PBXSourcesBuildPhase section */
		1456C45B2DCA8E9A008B8D29 /* Sources */ = {
			isa = PBXSourcesBuildPhase;
			buildActionMask = 2147483647;
			files = (
			);
			runOnlyForDeploymentPostprocessing = 0;
		};
		1456C4712DCA8E9C008B8D29 /* Sources */ = {
			isa = PBXSourcesBuildPhase;
			buildActionMask = 2147483647;
			files = (
			);
			runOnlyForDeploymentPostprocessing = 0;
		};
		1456C47B2DCA8E9C008B8D29 /* Sources */ = {
			isa = PBXSourcesBuildPhase;
			buildActionMask = 2147483647;
			files = (
			);
			runOnlyForDeploymentPostprocessing = 0;
		};
/* End PBXSourcesBuildPhase section */

/* Begin PBXTargetDependency section */
		1456C4772DCA8E9C008B8D29 /* PBXTargetDependency */ = {
			isa = PBXTargetDependency;
			target = 1456C45E2DCA8E9A008B8D29 /* ObjectsWithCode */;
			targetProxy = 1456C4762DCA8E9C008B8D29 /* PBXContainerItemProxy */;
		};
		1456C4812DCA8E9C008B8D29 /* PBXTargetDependency */ = {
			isa = PBXTargetDependency;
			target = 1456C45E2DCA8E9A008B8D29 /* ObjectsWithCode */;
			targetProxy = 1456C4802DCA8E9C008B8D29 /* PBXContainerItemProxy */;
		};
/* End PBXTargetDependency section */

/* Begin XCBuildConfiguration section */
		1456C4892DCA8E9C008B8D29 /* Debug */ = {
			isa = XCBuildConfiguration;
			buildSettings = {
				ASSETCATALOG_COMPILER_APPICON_NAME = AppIcon;
				ASSETCATALOG_COMPILER_GLOBAL_ACCENT_COLOR_NAME = AccentColor;
				CODE_SIGN_STYLE = Automatic;
				CURRENT_PROJECT_VERSION = 1;
				DEVELOPMENT_TEAM = PRQDLF66HN;
				GENERATE_INFOPLIST_FILE = YES;
				INFOPLIST_FILE = ObjectsWithCode/Info.plist;
				INFOPLIST_KEY_UIApplicationSupportsIndirectInputEvents = YES;
				INFOPLIST_KEY_UILaunchStoryboardName = LaunchScreen;
				INFOPLIST_KEY_UIMainStoryboardFile = Main;
				INFOPLIST_KEY_UISupportedInterfaceOrientations_iPad = "UIInterfaceOrientationPortrait UIInterfaceOrientationPortraitUpsideDown UIInterfaceOrientationLandscapeLeft UIInterfaceOrientationLandscapeRight";
				INFOPLIST_KEY_UISupportedInterfaceOrientations_iPhone = "UIInterfaceOrientationPortrait UIInterfaceOrientationLandscapeLeft UIInterfaceOrientationLandscapeRight";
				LD_RUNPATH_SEARCH_PATHS = (
					"$(inherited)",
					"@executable_path/Frameworks",
				);
				MARKETING_VERSION = 1.0;
				PRODUCT_BUNDLE_IDENTIFIER = ACAR.ObjectsWithCode;
				PRODUCT_NAME = "$(TARGET_NAME)";
				SWIFT_EMIT_LOC_STRINGS = YES;
				SWIFT_VERSION = 5.0;
				TARGETED_DEVICE_FAMILY = "1,2";
			};
			name = Debug;
		};
		1456C48A2DCA8E9C008B8D29 /* Release */ = {
			isa = XCBuildConfiguration;
			buildSettings = {
				ASSETCATALOG_COMPILER_APPICON_NAME = AppIcon;
				ASSETCATALOG_COMPILER_GLOBAL_ACCENT_COLOR_NAME = AccentColor;
				CODE_SIGN_STYLE = Automatic;
				CURRENT_PROJECT_VERSION = 1;
				DEVELOPMENT_TEAM = PRQDLF66HN;
				GENERATE_INFOPLIST_FILE = YES;
				INFOPLIST_FILE = ObjectsWithCode/Info.plist;
				INFOPLIST_KEY_UIApplicationSupportsIndirectInputEvents = YES;
				INFOPLIST_KEY_UILaunchStoryboardName = LaunchScreen;
				INFOPLIST_KEY_UIMainStoryboardFile = Main;
				INFOPLIST_KEY_UISupportedInterfaceOrientations_iPad = "UIInterfaceOrientationPortrait UIInterfaceOrientationPortraitUpsideDown UIInterfaceOrientationLandscapeLeft UIInterfaceOrientationLandscapeRight";
				INFOPLIST_KEY_UISupportedInterfaceOrientations_iPhone = "UIInterfaceOrientationPortrait UIInterfaceOrientationLandscapeLeft UIInterfaceOrientationLandscapeRight";
				LD_RUNPATH_SEARCH_PATHS = (
					"$(inherited)",
					"@executable_path/Frameworks",
				);
				MARKETING_VERSION = 1.0;
				PRODUCT_BUNDLE_IDENTIFIER = ACAR.ObjectsWithCode;
				PRODUCT_NAME = "$(TARGET_NAME)";
				SWIFT_EMIT_LOC_STRINGS = YES;
				SWIFT_VERSION = 5.0;
				TARGETED_DEVICE_FAMILY = "1,2";
			};
			name = Release;
		};
		1456C48B2DCA8E9C008B8D29 /* Debug */ = {
			isa = XCBuildConfiguration;
			buildSettings = {
				ALWAYS_SEARCH_USER_PATHS = NO;
				ASSETCATALOG_COMPILER_GENERATE_SWIFT_ASSET_SYMBOL_EXTENSIONS = YES;
				CLANG_ANALYZER_NONNULL = YES;
				CLANG_ANALYZER_NUMBER_OBJECT_CONVERSION = YES_AGGRESSIVE;
				CLANG_CXX_LANGUAGE_STANDARD = "gnu++20";
				CLANG_ENABLE_MODULES = YES;
				CLANG_ENABLE_OBJC_ARC = YES;
				CLANG_ENABLE_OBJC_WEAK = YES;
				CLANG_WARN_BLOCK_CAPTURE_AUTORELEASING = YES;
				CLANG_WARN_BOOL_CONVERSION = YES;
				CLANG_WARN_COMMA = YES;
				CLANG_WARN_CONSTANT_CONVERSION = YES;
				CLANG_WARN_DEPRECATED_OBJC_IMPLEMENTATIONS = YES;
				CLANG_WARN_DIRECT_OBJC_ISA_USAGE = YES_ERROR;
				CLANG_WARN_DOCUMENTATION_COMMENTS = YES;
				CLANG_WARN_EMPTY_BODY = YES;
				CLANG_WARN_ENUM_CONVERSION = YES;
				CLANG_WARN_INFINITE_RECURSION = YES;
				CLANG_WARN_INT_CONVERSION = YES;
				CLANG_WARN_NON_LITERAL_NULL_CONVERSION = YES;
				CLANG_WARN_OBJC_IMPLICIT_RETAIN_SELF = YES;
				CLANG_WARN_OBJC_LITERAL_CONVERSION = YES;
				CLANG_WARN_OBJC_ROOT_CLASS = YES_ERROR;
				CLANG_WARN_QUOTED_INCLUDE_IN_FRAMEWORK_HEADER = YES;
				CLANG_WARN_RANGE_LOOP_ANALYSIS = YES;
				CLANG_WARN_STRICT_PROTOTYPES = YES;
				CLANG_WARN_SUSPICIOUS_MOVE = YES;
				CLANG_WARN_UNGUARDED_AVAILABILITY = YES_AGGRESSIVE;
				CLANG_WARN_UNREACHABLE_CODE = YES;
				CLANG_WARN__DUPLICATE_METHOD_MATCH = YES;
				COPY_PHASE_STRIP = NO;
				DEBUG_INFORMATION_FORMAT = dwarf;
				DEVELOPMENT_TEAM = PRQDLF66HN;
				ENABLE_STRICT_OBJC_MSGSEND = YES;
				ENABLE_TESTABILITY = YES;
				ENABLE_USER_SCRIPT_SANDBOXING = YES;
				GCC_C_LANGUAGE_STANDARD = gnu17;
				GCC_DYNAMIC_NO_PIC = NO;
				GCC_NO_COMMON_BLOCKS = YES;
				GCC_OPTIMIZATION_LEVEL = 0;
				GCC_PREPROCESSOR_DEFINITIONS = (
					"DEBUG=1",
					"$(inherited)",
				);
				GCC_WARN_64_TO_32_BIT_CONVERSION = YES;
				GCC_WARN_ABOUT_RETURN_TYPE = YES_ERROR;
				GCC_WARN_UNDECLARED_SELECTOR = YES;
				GCC_WARN_UNINITIALIZED_AUTOS = YES_AGGRESSIVE;
				GCC_WARN_UNUSED_FUNCTION = YES;
				GCC_WARN_UNUSED_VARIABLE = YES;
				IPHONEOS_DEPLOYMENT_TARGET = 18.4;
				LOCALIZATION_PREFERS_STRING_CATALOGS = YES;
				MTL_ENABLE_DEBUG_INFO = INCLUDE_SOURCE;
				MTL_FAST_MATH = YES;
				ONLY_ACTIVE_ARCH = YES;
				SDKROOT = iphoneos;
				SWIFT_ACTIVE_COMPILATION_CONDITIONS = "DEBUG $(inherited)";
				SWIFT_OPTIMIZATION_LEVEL = "-Onone";
			};
			name = Debug;
		};
		1456C48C2DCA8E9C008B8D29 /* Release */ = {
			isa = XCBuildConfiguration;
			buildSettings = {
				ALWAYS_SEARCH_USER_PATHS = NO;
				ASSETCATALOG_COMPILER_GENERATE_SWIFT_ASSET_SYMBOL_EXTENSIONS = YES;
				CLANG_ANALYZER_NONNULL = YES;
				CLANG_ANALYZER_NUMBER_OBJECT_CONVERSION = YES_AGGRESSIVE;
				CLANG_CXX_LANGUAGE_STANDARD = "gnu++20";
				CLANG_ENABLE_MODULES = YES;
				CLANG_ENABLE_OBJC_ARC = YES;
				CLANG_ENABLE_OBJC_WEAK = YES;
				CLANG_WARN_BLOCK_CAPTURE_AUTORELEASING = YES;
				CLANG_WARN_BOOL_CONVERSION = YES;
				CLANG_WARN_COMMA = YES;
				CLANG_WARN_CONSTANT_CONVERSION = YES;
				CLANG_WARN_DEPRECATED_OBJC_IMPLEMENTATIONS = YES;
				CLANG_WARN_DIRECT_OBJC_ISA_USAGE = YES_ERROR;
				CLANG_WARN_DOCUMENTATION_COMMENTS = YES;
				CLANG_WARN_EMPTY_BODY = YES;
				CLANG_WARN_ENUM_CONVERSION = YES;
				CLANG_WARN_INFINITE_RECURSION = YES;
				CLANG_WARN_INT_CONVERSION = YES;
				CLANG_WARN_NON_LITERAL_NULL_CONVERSION = YES;
				CLANG_WARN_OBJC_IMPLICIT_RETAIN_SELF = YES;
				CLANG_WARN_OBJC_LITERAL_CONVERSION = YES;
				CLANG_WARN_OBJC_ROOT_CLASS = YES_ERROR;
				CLANG_WARN_QUOTED_INCLUDE_IN_FRAMEWORK_HEADER = YES;
				CLANG_WARN_RANGE_LOOP_ANALYSIS = YES;
				CLANG_WARN_STRICT_PROTOTYPES = YES;
				CLANG_WARN_SUSPICIOUS_MOVE = YES;
				CLANG_WARN_UNGUARDED_AVAILABILITY = YES_AGGRESSIVE;
				CLANG_WARN_UNREACHABLE_CODE = YES;
				CLANG_WARN__DUPLICATE_METHOD_MATCH = YES;
				COPY_PHASE_STRIP = NO;
				DEBUG_INFORMATION_FORMAT = "dwarf-with-dsym";
				DEVELOPMENT_TEAM = PRQDLF66HN;
				ENABLE_NS_ASSERTIONS = NO;
				ENABLE_STRICT_OBJC_MSGSEND = YES;
				ENABLE_USER_SCRIPT_SANDBOXING = YES;
				GCC_C_LANGUAGE_STANDARD = gnu17;
				GCC_NO_COMMON_BLOCKS = YES;
				GCC_WARN_64_TO_32_BIT_CONVERSION = YES;
				GCC_WARN_ABOUT_RETURN_TYPE = YES_ERROR;
				GCC_WARN_UNDECLARED_SELECTOR = YES;
				GCC_WARN_UNINITIALIZED_AUTOS = YES_AGGRESSIVE;
				GCC_WARN_UNUSED_FUNCTION = YES;
				GCC_WARN_UNUSED_VARIABLE = YES;
				IPHONEOS_DEPLOYMENT_TARGET = 18.4;
				LOCALIZATION_PREFERS_STRING_CATALOGS = YES;
				MTL_ENABLE_DEBUG_INFO = NO;
				MTL_FAST_MATH = YES;
				SDKROOT = iphoneos;
				SWIFT_COMPILATION_MODE = wholemodule;
				VALIDATE_PRODUCT = YES;
			};
			name = Release;
		};
		1456C48E2DCA8E9C008B8D29 /* Debug */ = {
			isa = XCBuildConfiguration;
			buildSettings = {
				BUNDLE_LOADER = "$(TEST_HOST)";
				CODE_SIGN_STYLE = Automatic;
				CURRENT_PROJECT_VERSION = 1;
				DEVELOPMENT_TEAM = PRQDLF66HN;
				GENERATE_INFOPLIST_FILE = YES;
				IPHONEOS_DEPLOYMENT_TARGET = 18.4;
				MARKETING_VERSION = 1.0;
				PRODUCT_BUNDLE_IDENTIFIER = ACAR.ObjectsWithCodeTests;
				PRODUCT_NAME = "$(TARGET_NAME)";
				SWIFT_EMIT_LOC_STRINGS = NO;
				SWIFT_VERSION = 5.0;
				TARGETED_DEVICE_FAMILY = "1,2";
				TEST_HOST = "$(BUILT_PRODUCTS_DIR)/ObjectsWithCode.app/$(BUNDLE_EXECUTABLE_FOLDER_PATH)/ObjectsWithCode";
			};
			name = Debug;
		};
		1456C48F2DCA8E9C008B8D29 /* Release */ = {
			isa = XCBuildConfiguration;
			buildSettings = {
				BUNDLE_LOADER = "$(TEST_HOST)";
				CODE_SIGN_STYLE = Automatic;
				CURRENT_PROJECT_VERSION = 1;
				DEVELOPMENT_TEAM = PRQDLF66HN;
				GENERATE_INFOPLIST_FILE = YES;
				IPHONEOS_DEPLOYMENT_TARGET = 18.4;
				MARKETING_VERSION = 1.0;
				PRODUCT_BUNDLE_IDENTIFIER = ACAR.ObjectsWithCodeTests;
				PRODUCT_NAME = "$(TARGET_NAME)";
				SWIFT_EMIT_LOC_STRINGS = NO;
				SWIFT_VERSION = 5.0;
				TARGETED_DEVICE_FAMILY = "1,2";
				TEST_HOST = "$(BUILT_PRODUCTS_DIR)/ObjectsWithCode.app/$(BUNDLE_EXECUTABLE_FOLDER_PATH)/ObjectsWithCode";
			};
			name = Release;
		};
		1456C4912DCA8E9C008B8D29 /* Debug */ = {
			isa = XCBuildConfiguration;
			buildSettings = {
				CODE_SIGN_STYLE = Automatic;
				CURRENT_PROJECT_VERSION = 1;
				DEVELOPMENT_TEAM = PRQDLF66HN;
				GENERATE_INFOPLIST_FILE = YES;
				MARKETING_VERSION = 1.0;
				PRODUCT_BUNDLE_IDENTIFIER = ACAR.ObjectsWithCodeUITests;
				PRODUCT_NAME = "$(TARGET_NAME)";
				SWIFT_EMIT_LOC_STRINGS = NO;
				SWIFT_VERSION = 5.0;
				TARGETED_DEVICE_FAMILY = "1,2";
				TEST_TARGET_NAME = ObjectsWithCode;
			};
			name = Debug;
		};
		1456C4922DCA8E9C008B8D29 /* Release */ = {
			isa = XCBuildConfiguration;
			buildSettings = {
				CODE_SIGN_STYLE = Automatic;
				CURRENT_PROJECT_VERSION = 1;
				DEVELOPMENT_TEAM = PRQDLF66HN;
				GENERATE_INFOPLIST_FILE = YES;
				MARKETING_VERSION = 1.0;
				PRODUCT_BUNDLE_IDENTIFIER = ACAR.ObjectsWithCodeUITests;
				PRODUCT_NAME = "$(TARGET_NAME)";
				SWIFT_EMIT_LOC_STRINGS = NO;
				SWIFT_VERSION = 5.0;
				TARGETED_DEVICE_FAMILY = "1,2";
				TEST_TARGET_NAME = ObjectsWithCode;
			};
			name = Release;
		};
/* End XCBuildConfiguration section */

/* Begin XCConfigurationList section */
		1456C45A2DCA8E9A008B8D29 /* Build configuration list for PBXProject "ObjectsWithCode" */ = {
			isa = XCConfigurationList;
			buildConfigurations = (
				1456C48B2DCA8E9C008B8D29 /* Debug */,
				1456C48C2DCA8E9C008B8D29 /* Release */,
			);
			defaultConfigurationIsVisible = 0;
			defaultConfigurationName = Release;
		};
		1456C4882DCA8E9C008B8D29 /* Build configuration list for PBXNativeTarget "ObjectsWithCode" */ = {
			isa = XCConfigurationList;
			buildConfigurations = (
				1456C4892DCA8E9C008B8D29 /* Debug */,
				1456C48A2DCA8E9C008B8D29 /* Release */,
			);
			defaultConfigurationIsVisible = 0;
			defaultConfigurationName = Release;
		};
		1456C48D2DCA8E9C008B8D29 /* Build configuration list for PBXNativeTarget "ObjectsWithCodeTests" */ = {
			isa = XCConfigurationList;
			buildConfigurations = (
				1456C48E2DCA8E9C008B8D29 /* Debug */,
				1456C48F2DCA8E9C008B8D29 /* Release */,
			);
			defaultConfigurationIsVisible = 0;
			defaultConfigurationName = Release;
		};
		1456C4902DCA8E9C008B8D29 /* Build configuration list for PBXNativeTarget "ObjectsWithCodeUITests" */ = {
			isa = XCConfigurationList;
			buildConfigurations = (
				1456C4912DCA8E9C008B8D29 /* Debug */,
				1456C4922DCA8E9C008B8D29 /* Release */,
			);
			defaultConfigurationIsVisible = 0;
			defaultConfigurationName = Release;
		};
/* End XCConfigurationList section */
	};
	rootObject = 1456C4572DCA8E9A008B8D29 /* Project object */;
}
